
Microsoft Visual Studio Solution File, Format Version 12.00
# Visual Studio Version 16
VisualStudioVersion = 16.0.29613.14
MinimumVisualStudioVersion = 10.0.40219.1
Project("{FAE04EC0-301F-11D3-BF4B-00C04F79EFBC}") = "MapExtractor", "MapExtractor\MapExtractor.csproj", "{0EDB34F8-6DA2-49EA-8277-47F8F0AE4162}"
EndProject
Global
	GlobalSection(SolutionConfigurationPlatforms) = preSolution
		Debug|Any CPU = Debug|Any CPU
		Release|Any CPU = Release|Any CPU
	EndGlobalSection
	GlobalSection(ProjectConfigurationPlatforms) = postSolution
		{0EDB34F8-6DA2-49EA-8277-47F8F0AE4162}.Debug|Any CPU.ActiveCfg = Debug|Any CPU
		{0EDB34F8-6DA2-49EA-8277-47F8F0AE4162}.Debug|Any CPU.Build.0 = Debug|Any CPU
		{0EDB34F8-6DA2-49EA-8277-47F8F0AE4162}.Release|Any CPU.ActiveCfg = Release|Any CPU
		{0EDB34F8-6DA2-49EA-8277-47F8F0AE4162}.Release|Any CPU.Build.0 = Release|Any CPU
	EndGlobalSection
	GlobalSection(SolutionProperties) = preSolution
		HideSolutionNode = FALSE
	EndGlobalSection
	GlobalSection(ExtensibilityGlobals) = postSolution
		SolutionGuid = {7B598FD1-2C22-406E-9F2B-F5E49C939E19}
	EndGlobalSection
EndGlobal
